
Microsoft Visual Studio Solution File, Format Version 12.00
# Visual Studio Version 17
VisualStudioVersion = 17.6.33723.286
MinimumVisualStudioVersion = 10.0.40219.1
Project("{FAE04EC0-301F-11D3-BF4B-00C04F79EFBC}") = "Product_Category_Git_Practice", "Product_Category_Git_Practice\Product_Category_Git_Practice.csproj", "{FBC475C0-E025-4A83-9655-27EFDBD5BF47}"
EndProject
Global
	GlobalSection(SolutionConfigurationPlatforms) = preSolution
		Debug|Any CPU = Debug|Any CPU
		Release|Any CPU = Release|Any CPU
	EndGlobalSection
	GlobalSection(ProjectConfigurationPlatforms) = postSolution
		{FBC475C0-E025-4A83-9655-27EFDBD5BF47}.Debug|Any CPU.ActiveCfg = Debug|Any CPU
		{FBC475C0-E025-4A83-9655-27EFDBD5BF47}.Debug|Any CPU.Build.0 = Debug|Any CPU
		{FBC475C0-E025-4A83-9655-27EFDBD5BF47}.Release|Any CPU.ActiveCfg = Release|Any CPU
		{FBC475C0-E025-4A83-9655-27EFDBD5BF47}.Release|Any CPU.Build.0 = Release|Any CPU
	EndGlobalSection
	GlobalSection(SolutionProperties) = preSolution
		HideSolutionNode = FALSE
	EndGlobalSection
	GlobalSection(ExtensibilityGlobals) = postSolution
		SolutionGuid = {7BFD5684-D72C-4B3A-AF26-13222AD615CC}
	EndGlobalSection
EndGlobal
